
Microsoft Visual Studio Solution File, Format Version 12.00
# Visual Studio 14
VisualStudioVersion = 14.0.25420.1
MinimumVisualStudioVersion = 10.0.40219.1
Project("{8BB2217D-0F2D-49D1-97BC-3654ED321F3B}") = "MailboxWeb", "MailboxWeb\MailboxWeb.xproj", "{10B440B8-4669-420E-BF16-F472BE6C287F}"
EndProject
Project("{8BB2217D-0F2D-49D1-97BC-3654ED321F3B}") = "MailboxService", "MailboxService\MailboxService.xproj", "{A8CFE628-7402-4619-9E7E-79AFE88F0968}"
EndProject
Project("{2150E333-8FDC-42A3-9474-1A3956D46DE8}") = "Files", "Files", "{1B2983AC-E069-445A-A2EB-CEAD360A965D}"
	ProjectSection(SolutionItems) = preProject
		..\.gitignore = ..\.gitignore
		..\LICENSE = ..\LICENSE
		..\README.md = ..\README.md
	EndProjectSection
EndProject
Project("{8BB2217D-0F2D-49D1-97BC-3654ED321F3B}") = "Mailbox.Business", "Mailbox.Business\Mailbox.Business.xproj", "{B9EA232D-8271-466A-891D-126E21061216}"
EndProject
Project("{8BB2217D-0F2D-49D1-97BC-3654ED321F3B}") = "Mailbox.Dal", "Mailbox.Dal\Mailbox.Dal.xproj", "{B72E694F-9E6E-46C7-8BAC-660751F41022}"
EndProject
Project("{8BB2217D-0F2D-49D1-97BC-3654ED321F3B}") = "Mailbox.Entity", "Mailbox.Entity\Mailbox.Entity.xproj", "{D94ED440-A87B-47CF-816D-9C5FEECA2816}"
EndProject
Global
	GlobalSection(SolutionConfigurationPlatforms) = preSolution
		Debug|Any CPU = Debug|Any CPU
		Release|Any CPU = Release|Any CPU
	EndGlobalSection
	GlobalSection(ProjectConfigurationPlatforms) = postSolution
		{10B440B8-4669-420E-BF16-F472BE6C287F}.Debug|Any CPU.ActiveCfg = Debug|Any CPU
		{10B440B8-4669-420E-BF16-F472BE6C287F}.Debug|Any CPU.Build.0 = Debug|Any CPU
		{10B440B8-4669-420E-BF16-F472BE6C287F}.Release|Any CPU.ActiveCfg = Release|Any CPU
		{10B440B8-4669-420E-BF16-F472BE6C287F}.Release|Any CPU.Build.0 = Release|Any CPU
		{A8CFE628-7402-4619-9E7E-79AFE88F0968}.Debug|Any CPU.ActiveCfg = Debug|Any CPU
		{A8CFE628-7402-4619-9E7E-79AFE88F0968}.Debug|Any CPU.Build.0 = Debug|Any CPU
		{A8CFE628-7402-4619-9E7E-79AFE88F0968}.Release|Any CPU.ActiveCfg = Release|Any CPU
		{A8CFE628-7402-4619-9E7E-79AFE88F0968}.Release|Any CPU.Build.0 = Release|Any CPU
		{B9EA232D-8271-466A-891D-126E21061216}.Debug|Any CPU.ActiveCfg = Debug|Any CPU
		{B9EA232D-8271-466A-891D-126E21061216}.Debug|Any CPU.Build.0 = Debug|Any CPU
		{B9EA232D-8271-466A-891D-126E21061216}.Release|Any CPU.ActiveCfg = Release|Any CPU
		{B9EA232D-8271-466A-891D-126E21061216}.Release|Any CPU.Build.0 = Release|Any CPU
		{B72E694F-9E6E-46C7-8BAC-660751F41022}.Debug|Any CPU.ActiveCfg = Debug|Any CPU
		{B72E694F-9E6E-46C7-8BAC-660751F41022}.Debug|Any CPU.Build.0 = Debug|Any CPU
		{B72E694F-9E6E-46C7-8BAC-660751F41022}.Release|Any CPU.ActiveCfg = Release|Any CPU
		{B72E694F-9E6E-46C7-8BAC-660751F41022}.Release|Any CPU.Build.0 = Release|Any CPU
		{D94ED440-A87B-47CF-816D-9C5FEECA2816}.Debug|Any CPU.ActiveCfg = Debug|Any CPU
		{D94ED440-A87B-47CF-816D-9C5FEECA2816}.Debug|Any CPU.Build.0 = Debug|Any CPU
		{D94ED440-A87B-47CF-816D-9C5FEECA2816}.Release|Any CPU.ActiveCfg = Release|Any CPU
		{D94ED440-A87B-47CF-816D-9C5FEECA2816}.Release|Any CPU.Build.0 = Release|Any CPU
	EndGlobalSection
	GlobalSection(SolutionProperties) = preSolution
		HideSolutionNode = FALSE
	EndGlobalSection
EndGlobal
